{
    "version": 3,
    "terraform_version": "0.11.13",
    "serial": 21,
    "lineage": "3336ad70-5f4b-c729-49f8-79215320c13a",
    "modules": [
        {
            "path": [
                "root"
            ],
            "outputs": {},
            "resources": {},
            "depends_on": []
        },
        {
            "path": [
                "root",
                "test-rg"
            ],
            "outputs": {
                "rg_id": {
                    "sensitive": false,
                    "type": "string",
                    "value": "/subscriptions/2a385da6-e262-4504-a032-23f3640e7b22/resourceGroups/my-testing-payment-rg"
                },
                "rg_location": {
                    "sensitive": false,
                    "type": "string",
                    "value": "australiaeast"
                },
                "rg_name": {
                    "sensitive": false,
                    "type": "string",
                    "value": "my-testing-payment-rg"
                }
            },
            "resources": {
                "azurerm_resource_group.azure-rg": {
                    "type": "azurerm_resource_group",
                    "depends_on": [],
                    "primary": {
                        "id": "/subscriptions/2a385da6-e262-4504-a032-23f3640e7b22/resourceGroups/my-testing-payment-rg",
                        "attributes": {
                            "id": "/subscriptions/2a385da6-e262-4504-a032-23f3640e7b22/resourceGroups/my-testing-payment-rg",
                            "location": "australiaeast",
                            "name": "my-testing-payment-rg",
                            "tags.%": "1",
                            "tags.Terraform": "true"
                        },
                        "meta": {},
                        "tainted": false
                    },
                    "deposed": [],
                    "provider": "provider.azurerm"
                }
            },
            "depends_on": []
        },
        {
            "path": [
                "root",
                "test-storage"
            ],
            "outputs": {
                "sas_url_query_string": {
                    "sensitive": false,
                    "type": "string",
                    "value": "?sv=2017-07-29\u0026ss=b\u0026srt=s\u0026sp=rwac\u0026se=2020-03-21\u0026st=2018-03-21\u0026spr=https\u0026sig=EE0berNQRDjFM0EpTdxiuTyMq0YZkhmwlO4AyStjaCs%3D"
                }
            },
            "resources": {
                "azurerm_storage_account.testsa": {
                    "type": "azurerm_storage_account",
                    "depends_on": [],
                    "primary": {
                        "id": "/subscriptions/2a385da6-e262-4504-a032-23f3640e7b22/resourceGroups/my-testing-payment-rg/providers/Microsoft.Storage/storageAccounts/appdevstoragename",
                        "attributes": {
                            "access_tier": "",
                            "account_encryption_source": "Microsoft.Storage",
                            "account_kind": "Storage",
                            "account_replication_type": "GRS",
                            "account_tier": "Standard",
                            "account_type": "Standard_GRS",
                            "enable_blob_encryption": "true",
                            "enable_file_encryption": "true",
                            "enable_https_traffic_only": "false",
                            "id": "/subscriptions/2a385da6-e262-4504-a032-23f3640e7b22/resourceGroups/my-testing-payment-rg/providers/Microsoft.Storage/storageAccounts/appdevstoragename",
                            "identity.#": "0",
                            "is_hns_enabled": "false",
                            "location": "australiaeast",
                            "name": "appdevstoragename",
                            "network_rules.#": "0",
                            "primary_access_key": "WeACnxUoOWMJnUNWTquxMd8Pl/G7pNBW9Sr+GoV70zhAAxppcjOBSVPifxXE6V/aLx4KO3dJPouynGG9NnniZQ==",
                            "primary_blob_connection_string": "DefaultEndpointsProtocol=https;BlobEndpoint=https://appdevstoragename.blob.core.windows.net/;AccountName=appdevstoragename;AccountKey=WeACnxUoOWMJnUNWTquxMd8Pl/G7pNBW9Sr+GoV70zhAAxppcjOBSVPifxXE6V/aLx4KO3dJPouynGG9NnniZQ==",
                            "primary_blob_endpoint": "https://appdevstoragename.blob.core.windows.net/",
                            "primary_blob_host": "appdevstoragename.blob.core.windows.net",
                            "primary_connection_string": "DefaultEndpointsProtocol=https;AccountName=appdevstoragename;AccountKey=WeACnxUoOWMJnUNWTquxMd8Pl/G7pNBW9Sr+GoV70zhAAxppcjOBSVPifxXE6V/aLx4KO3dJPouynGG9NnniZQ==;EndpointSuffix=core.windows.net",
                            "primary_dfs_endpoint": "",
                            "primary_dfs_host": "",
                            "primary_file_endpoint": "https://appdevstoragename.file.core.windows.net/",
                            "primary_file_host": "appdevstoragename.file.core.windows.net",
                            "primary_location": "australiaeast",
                            "primary_queue_endpoint": "https://appdevstoragename.queue.core.windows.net/",
                            "primary_queue_host": "appdevstoragename.queue.core.windows.net",
                            "primary_table_endpoint": "https://appdevstoragename.table.core.windows.net/",
                            "primary_table_host": "appdevstoragename.table.core.windows.net",
                            "primary_web_endpoint": "",
                            "primary_web_host": "",
                            "resource_group_name": "my-testing-payment-rg",
                            "secondary_access_key": "1zywJ6/ZPyo7MNYRT9cW6iYMZfjUczMQ8bF9sxhwsG7Cxo9ZU3ZEIMGdGQM5NntSNzwLtJFq8Dk5t5DP2ANAdg==",
                            "secondary_blob_connection_string": "",
                            "secondary_connection_string": "DefaultEndpointsProtocol=https;AccountName=appdevstoragename;AccountKey=1zywJ6/ZPyo7MNYRT9cW6iYMZfjUczMQ8bF9sxhwsG7Cxo9ZU3ZEIMGdGQM5NntSNzwLtJFq8Dk5t5DP2ANAdg==;EndpointSuffix=core.windows.net",
                            "secondary_location": "australiasoutheast",
                            "tags.%": "1",
                            "tags.environment": "dev"
                        },
                        "meta": {
                            "schema_version": "2"
                        },
                        "tainted": false
                    },
                    "deposed": [],
                    "provider": "provider.azurerm"
                },
                "data.azurerm_storage_account_sas.test": {
                    "type": "azurerm_storage_account_sas",
                    "depends_on": [
                        "azurerm_storage_account.testsa"
                    ],
                    "primary": {
                        "id": "206de0a016dfacf6dc794850fe7891569a7ad3717f364138a9c499232b9c8f7c",
                        "attributes": {
                            "connection_string": "DefaultEndpointsProtocol=https;AccountName=appdevstoragename;AccountKey=WeACnxUoOWMJnUNWTquxMd8Pl/G7pNBW9Sr+GoV70zhAAxppcjOBSVPifxXE6V/aLx4KO3dJPouynGG9NnniZQ==;EndpointSuffix=core.windows.net",
                            "expiry": "2020-03-21",
                            "https_only": "true",
                            "id": "206de0a016dfacf6dc794850fe7891569a7ad3717f364138a9c499232b9c8f7c",
                            "permissions.#": "1",
                            "permissions.0.add": "true",
                            "permissions.0.create": "true",
                            "permissions.0.delete": "false",
                            "permissions.0.list": "false",
                            "permissions.0.process": "false",
                            "permissions.0.read": "true",
                            "permissions.0.update": "false",
                            "permissions.0.write": "true",
                            "resource_types.#": "1",
                            "resource_types.0.container": "false",
                            "resource_types.0.object": "false",
                            "resource_types.0.service": "true",
                            "sas": "?sv=2017-07-29\u0026ss=b\u0026srt=s\u0026sp=rwac\u0026se=2020-03-21\u0026st=2018-03-21\u0026spr=https\u0026sig=EE0berNQRDjFM0EpTdxiuTyMq0YZkhmwlO4AyStjaCs%3D",
                            "services.#": "1",
                            "services.0.blob": "true",
                            "services.0.file": "false",
                            "services.0.queue": "false",
                            "services.0.table": "false",
                            "start": "2018-03-21"
                        },
                        "meta": {},
                        "tainted": false
                    },
                    "deposed": [],
                    "provider": "provider.azurerm"
                }
            },
            "depends_on": []
        },
        {
            "path": [
                "root",
                "test-vault"
            ],
            "outputs": {},
            "resources": {
                "azurerm_key_vault.test": {
                    "type": "azurerm_key_vault",
                    "depends_on": [
                        "data.azurerm_client_config.current"
                    ],
                    "primary": {
                        "id": "/subscriptions/2a385da6-e262-4504-a032-23f3640e7b22/resourceGroups/my-testing-payment-rg/providers/Microsoft.KeyVault/vaults/vaultapp",
                        "attributes": {
                            "access_policy.#": "1",
                            "access_policy.0.application_id": "",
                            "access_policy.0.certificate_permissions.#": "0",
                            "access_policy.0.key_permissions.#": "2",
                            "access_policy.0.key_permissions.0": "create",
                            "access_policy.0.key_permissions.1": "get",
                            "access_policy.0.object_id": "90644e82-4c79-4c75-8d46-990215561997",
                            "access_policy.0.secret_permissions.#": "3",
                            "access_policy.0.secret_permissions.0": "set",
                            "access_policy.0.secret_permissions.1": "get",
                            "access_policy.0.secret_permissions.2": "delete",
                            "access_policy.0.storage_permissions.#": "0",
                            "access_policy.0.tenant_id": "c7edfba3-a241-4b80-a92f-a311dc6cd2df",
                            "enabled_for_deployment": "false",
                            "enabled_for_disk_encryption": "false",
                            "enabled_for_template_deployment": "false",
                            "id": "/subscriptions/2a385da6-e262-4504-a032-23f3640e7b22/resourceGroups/my-testing-payment-rg/providers/Microsoft.KeyVault/vaults/vaultapp",
                            "location": "australiaeast",
                            "name": "vaultapp",
                            "network_acls.#": "0",
                            "resource_group_name": "my-testing-payment-rg",
                            "sku.#": "1",
                            "sku.0.name": "premium",
                            "tags.%": "1",
                            "tags.environment": "Production",
                            "tenant_id": "c7edfba3-a241-4b80-a92f-a311dc6cd2df",
                            "vault_uri": "https://vaultapp.vault.azure.net/"
                        },
                        "meta": {
                            "schema_version": "1"
                        },
                        "tainted": false
                    },
                    "deposed": [],
                    "provider": "provider.azurerm"
                },
                "data.azurerm_client_config.current": {
                    "type": "azurerm_client_config",
                    "depends_on": [],
                    "primary": {
                        "id": "2019-05-09 08:13:16.54030481 +0000 UTC",
                        "attributes": {
                            "client_id": "04b07795-8ddb-461a-bbee-02f9e1bf7b46",
                            "id": "2019-05-09 08:13:16.54030481 +0000 UTC",
                            "service_principal_application_id": "",
                            "service_principal_object_id": "",
                            "subscription_id": "2a385da6-e262-4504-a032-23f3640e7b22",
                            "tenant_id": "c7edfba3-a241-4b80-a92f-a311dc6cd2df"
                        },
                        "meta": {},
                        "tainted": false
                    },
                    "deposed": [],
                    "provider": "provider.azurerm"
                }
            },
            "depends_on": []
        }
    ]
}
